{
  "name": "p8",
  "version": "1.0.0",
  "lockfileVersion": 2,
  "requires": true,
  "packages": {
    "": {
      "name": "p8",
      "version": "1.0.0",
      "license": "ISC",
      "dependencies": {
        "@openzeppelin/contracts": "^4.8.2",
        "gitignore": "^0.7.0"
      }
    },
    "node_modules/@openzeppelin/contracts": {
      "version": "4.8.2",
      "resolved": "https://registry.npmjs.org/@openzeppelin/contracts/-/contracts-4.8.2.tgz",
      "integrity": "sha512-kEUOgPQszC0fSYWpbh2kT94ltOJwj1qfT2DWo+zVttmGmf97JZ99LspePNaeeaLhCImaHVeBbjaQFZQn7+Zc5g=="
    },
    "node_modules/gitignore": {
      "version": "0.7.0",
      "resolved": "https://registry.npmjs.org/gitignore/-/gitignore-0.7.0.tgz",
      "integrity": "sha512-6iE891OyeYQYVvdoWI/hcxDWJ0sOngSpIRadxLoYbsnZdqWIUsEfx+IrOpW3d/zWBA/eKYvs6ZZx6ogz2wEGoQ==",
      "bin": {
        "gitignore": "bin/gitignore.js"
      },
      "engines": {
        "node": "*"
      }
    }
  },
  "dependencies": {
    "@openzeppelin/contracts": {
      "version": "4.8.2",
      "resolved": "https://registry.npmjs.org/@openzeppelin/contracts/-/contracts-4.8.2.tgz",
      "integrity": "sha512-kEUOgPQszC0fSYWpbh2kT94ltOJwj1qfT2DWo+zVttmGmf97JZ99LspePNaeeaLhCImaHVeBbjaQFZQn7+Zc5g=="
    },
    "gitignore": {
      "version": "0.7.0",
      "resolved": "https://registry.npmjs.org/gitignore/-/gitignore-0.7.0.tgz",
      "integrity": "sha512-6iE891OyeYQYVvdoWI/hcxDWJ0sOngSpIRadxLoYbsnZdqWIUsEfx+IrOpW3d/zWBA/eKYvs6ZZx6ogz2wEGoQ=="
    }
  }
}
